
Microsoft Visual Studio Solution File, Format Version 12.00
# Visual Studio Version 16
VisualStudioVersion = 16.0.29905.134
MinimumVisualStudioVersion = 10.0.40219.1
Project("{9A19103F-16F7-4668-BE54-9A1E7A4F7556}") = "SMod3.Core", "src\SMod3.Core\SMod3.Core.csproj", "{6B3C975A-CA75-4764-8192-E1D8EC8E6475}"
EndProject
Project("{2150E333-8FDC-42A3-9474-1A3956D46DE8}") = "0ther", "0ther", "{1B495E96-F391-4C9B-932A-CD6A085D4F94}"
	ProjectSection(SolutionItems) = preProject
		.editorconfig = .editorconfig
		SMod3.props = SMod3.props
		SMod3.targets = SMod3.targets
	EndProjectSection
EndProject
Project("{2150E333-8FDC-42A3-9474-1A3956D46DE8}") = "Modules", "Modules", "{59AB80B2-4666-47C1-AEA7-DD430715AAD4}"
EndProject
Project("{9A19103F-16F7-4668-BE54-9A1E7A4F7556}") = "SMod3.Lang", "src\SMod3.Lang\SMod3.Lang.csproj", "{47992A0F-2F7C-4596-8947-1A7C4BDF34FF}"
EndProject
Project("{9A19103F-16F7-4668-BE54-9A1E7A4F7556}") = "SMod3.Command", "src\SMod3.Command\SMod3.Command.csproj", "{7AED84FC-67C7-4571-8ACD-335D3B9C6FB7}"
EndProject
Project("{9A19103F-16F7-4668-BE54-9A1E7A4F7556}") = "SMod3.Config", "src\SMod3.Config\SMod3.Config.csproj", "{DB707FC1-1D22-4BCD-BE7C-0CCE372DA06F}"
EndProject
Project("{9A19103F-16F7-4668-BE54-9A1E7A4F7556}") = "SMod3.EventSystem", "src\SMod3.EventSystem\SMod3.EventSystem.csproj", "{24845D58-8769-4008-9C6B-AC25291B1A72}"
EndProject
Project("{9A19103F-16F7-4668-BE54-9A1E7A4F7556}") = "SMod3.Permission", "src\SMod3.Permission\SMod3.Permission.csproj", "{E562DB90-AE02-4F84-8773-895434790F18}"
EndProject
Project("{9A19103F-16F7-4668-BE54-9A1E7A4F7556}") = "SMod3.Piping", "src\SMod3.Piping\SMod3.Piping.csproj", "{66FB58A0-C061-4C11-A29E-D6DC9DD5DB32}"
EndProject
Project("{2150E333-8FDC-42A3-9474-1A3956D46DE8}") = "ProjectReferences", "ProjectReferences", "{BC4878CE-EF49-45D6-B673-A85BF029809D}"
EndProject
Project("{9A19103F-16F7-4668-BE54-9A1E7A4F7556}") = "NorthwoodLib", "NorthwoodLib\NorthwoodLib\NorthwoodLib.csproj", "{A8183691-F212-4D8A-98A0-45636BD9AA38}"
EndProject
Global
	GlobalSection(SolutionConfigurationPlatforms) = preSolution
		Debug|Any CPU = Debug|Any CPU
		Release|Any CPU = Release|Any CPU
	EndGlobalSection
	GlobalSection(ProjectConfigurationPlatforms) = postSolution
		{6B3C975A-CA75-4764-8192-E1D8EC8E6475}.Debug|Any CPU.ActiveCfg = Debug|Any CPU
		{6B3C975A-CA75-4764-8192-E1D8EC8E6475}.Debug|Any CPU.Build.0 = Debug|Any CPU
		{6B3C975A-CA75-4764-8192-E1D8EC8E6475}.Release|Any CPU.ActiveCfg = Release|Any CPU
		{6B3C975A-CA75-4764-8192-E1D8EC8E6475}.Release|Any CPU.Build.0 = Release|Any CPU
		{47992A0F-2F7C-4596-8947-1A7C4BDF34FF}.Debug|Any CPU.ActiveCfg = Debug|Any CPU
		{47992A0F-2F7C-4596-8947-1A7C4BDF34FF}.Debug|Any CPU.Build.0 = Debug|Any CPU
		{47992A0F-2F7C-4596-8947-1A7C4BDF34FF}.Release|Any CPU.ActiveCfg = Release|Any CPU
		{47992A0F-2F7C-4596-8947-1A7C4BDF34FF}.Release|Any CPU.Build.0 = Release|Any CPU
		{7AED84FC-67C7-4571-8ACD-335D3B9C6FB7}.Debug|Any CPU.ActiveCfg = Debug|Any CPU
		{7AED84FC-67C7-4571-8ACD-335D3B9C6FB7}.Debug|Any CPU.Build.0 = Debug|Any CPU
		{7AED84FC-67C7-4571-8ACD-335D3B9C6FB7}.Release|Any CPU.ActiveCfg = Release|Any CPU
		{7AED84FC-67C7-4571-8ACD-335D3B9C6FB7}.Release|Any CPU.Build.0 = Release|Any CPU
		{DB707FC1-1D22-4BCD-BE7C-0CCE372DA06F}.Debug|Any CPU.ActiveCfg = Debug|Any CPU
		{DB707FC1-1D22-4BCD-BE7C-0CCE372DA06F}.Debug|Any CPU.Build.0 = Debug|Any CPU
		{DB707FC1-1D22-4BCD-BE7C-0CCE372DA06F}.Release|Any CPU.ActiveCfg = Release|Any CPU
		{DB707FC1-1D22-4BCD-BE7C-0CCE372DA06F}.Release|Any CPU.Build.0 = Release|Any CPU
		{24845D58-8769-4008-9C6B-AC25291B1A72}.Debug|Any CPU.ActiveCfg = Debug|Any CPU
		{24845D58-8769-4008-9C6B-AC25291B1A72}.Debug|Any CPU.Build.0 = Debug|Any CPU
		{24845D58-8769-4008-9C6B-AC25291B1A72}.Release|Any CPU.ActiveCfg = Release|Any CPU
		{24845D58-8769-4008-9C6B-AC25291B1A72}.Release|Any CPU.Build.0 = Release|Any CPU
		{E562DB90-AE02-4F84-8773-895434790F18}.Debug|Any CPU.ActiveCfg = Debug|Any CPU
		{E562DB90-AE02-4F84-8773-895434790F18}.Debug|Any CPU.Build.0 = Debug|Any CPU
		{E562DB90-AE02-4F84-8773-895434790F18}.Release|Any CPU.ActiveCfg = Release|Any CPU
		{E562DB90-AE02-4F84-8773-895434790F18}.Release|Any CPU.Build.0 = Release|Any CPU
		{66FB58A0-C061-4C11-A29E-D6DC9DD5DB32}.Debug|Any CPU.ActiveCfg = Debug|Any CPU
		{66FB58A0-C061-4C11-A29E-D6DC9DD5DB32}.Debug|Any CPU.Build.0 = Debug|Any CPU
		{66FB58A0-C061-4C11-A29E-D6DC9DD5DB32}.Release|Any CPU.ActiveCfg = Release|Any CPU
		{66FB58A0-C061-4C11-A29E-D6DC9DD5DB32}.Release|Any CPU.Build.0 = Release|Any CPU
		{A8183691-F212-4D8A-98A0-45636BD9AA38}.Debug|Any CPU.ActiveCfg = Debug|Any CPU
		{A8183691-F212-4D8A-98A0-45636BD9AA38}.Debug|Any CPU.Build.0 = Debug|Any CPU
		{A8183691-F212-4D8A-98A0-45636BD9AA38}.Release|Any CPU.ActiveCfg = Release|Any CPU
		{A8183691-F212-4D8A-98A0-45636BD9AA38}.Release|Any CPU.Build.0 = Release|Any CPU
	EndGlobalSection
	GlobalSection(SolutionProperties) = preSolution
		HideSolutionNode = FALSE
	EndGlobalSection
	GlobalSection(NestedProjects) = preSolution
		{47992A0F-2F7C-4596-8947-1A7C4BDF34FF} = {59AB80B2-4666-47C1-AEA7-DD430715AAD4}
		{7AED84FC-67C7-4571-8ACD-335D3B9C6FB7} = {59AB80B2-4666-47C1-AEA7-DD430715AAD4}
		{DB707FC1-1D22-4BCD-BE7C-0CCE372DA06F} = {59AB80B2-4666-47C1-AEA7-DD430715AAD4}
		{24845D58-8769-4008-9C6B-AC25291B1A72} = {59AB80B2-4666-47C1-AEA7-DD430715AAD4}
		{E562DB90-AE02-4F84-8773-895434790F18} = {59AB80B2-4666-47C1-AEA7-DD430715AAD4}
		{66FB58A0-C061-4C11-A29E-D6DC9DD5DB32} = {59AB80B2-4666-47C1-AEA7-DD430715AAD4}
		{BC4878CE-EF49-45D6-B673-A85BF029809D} = {1B495E96-F391-4C9B-932A-CD6A085D4F94}
		{A8183691-F212-4D8A-98A0-45636BD9AA38} = {BC4878CE-EF49-45D6-B673-A85BF029809D}
	EndGlobalSection
	GlobalSection(ExtensibilityGlobals) = postSolution
		SolutionGuid = {FB6B1F4C-7726-4987-B10A-21B56A564D45}
	EndGlobalSection
EndGlobal
